{"is_source_file": false, "format": "", "description": "", "external_files": [], "external_methods": [], "published": [], "classes": [], "methods": [], "calls": [], "search-terms": [], "state": 2, "file_id": 48, "knowledge_revision": 119, "git_revision": "bbb2addd61a059a1759d5f615c542b8de4bf4e6b", "hash": "e9b4c3b42cef0193b7fddb548d37e652", "format-version": 4, "code-base-name": "default", "filename": "star_guidance/post_process_status.lock", "revision_history": [{"119": "bbb2addd61a059a1759d5f615c542b8de4bf4e6b"}]}